// !$*UTF8*$!
{
	archiveVersion = 1;
	classes = {
	};
	objectVersion = 48;
	objects = {

/* Begin PBXBuildFile section */
		957144442011C39000911997 /* Alamofire.framework in Frameworks */ = {isa = PBXBuildFile; fileRef = 957144422011C39000911997 /* Alamofire.framework */; };
		957144482011C4E900911997 /* Alamofire.framework in Embed Frameworks */ = {isa = PBXBuildFile; fileRef = 957144422011C39000911997 /* Alamofire.framework */; settings = {ATTRIBUTES = (CodeSignOnCopy, RemoveHeadersOnCopy, ); }; };
		957144492011C4E900911997 /* Reachability.framework in Frameworks */ = {isa = PBXBuildFile; fileRef = 957144432011C39000911997 /* Reachability.framework */; };
		9571444A2011C4E900911997 /* Reachability.framework in Embed Frameworks */ = {isa = PBXBuildFile; fileRef = 957144432011C39000911997 /* Reachability.framework */; settings = {ATTRIBUTES = (CodeSignOnCopy, RemoveHeadersOnCopy, ); }; };
		95E0127D2011C29500F109DA /* AppDelegate.swift in Sources */ = {isa = PBXBuildFile; fileRef = 95E0127C2011C29500F109DA /* AppDelegate.swift */; };
		95E0127F2011C29500F109DA /* ViewController.swift in Sources */ = {isa = PBXBuildFile; fileRef = 95E0127E2011C29500F109DA /* ViewController.swift */; };
		95E012822011C29500F109DA /* Main.storyboard in Resources */ = {isa = PBXBuildFile; fileRef = 95E012802011C29500F109DA /* Main.storyboard */; };
		95E012842011C29500F109DA /* Assets.xcassets in Resources */ = {isa = PBXBuildFile; fileRef = 95E012832011C29500F109DA /* Assets.xcassets */; };
		95E012872011C29500F109DA /* LaunchScreen.storyboard in Resources */ = {isa = PBXBuildFile; fileRef = 95E012852011C29500F109DA /* LaunchScreen.storyboard */; };
/* End PBXBuildFile section */

/* Begin PBXCopyFilesBuildPhase section */
		9571444B2011C4E900911997 /* Embed Frameworks */ = {
			isa = PBXCopyFilesBuildPhase;
			buildActionMask = 2147483647;
			dstPath = "";
			dstSubfolderSpec = 10;
			files = (
				957144482011C4E900911997 /* Alamofire.framework in Embed Frameworks */,
				9571444A2011C4E900911997 /* Reachability.framework in Embed Frameworks */,
			);
			name = "Embed Frameworks";
			runOnlyForDeploymentPostprocessing = 0;
		};
/* End PBXCopyFilesBuildPhase section */

/* Begin PBXFileReference section */
		957144422011C39000911997 /* Alamofire.framework */ = {isa = PBXFileReference; lastKnownFileType = wrapper.framework; name = Alamofire.framework; path = Carthage/Build/iOS/Alamofire.framework; sourceTree = "<group>"; };
		957144432011C39000911997 /* Reachability.framework */ = {isa = PBXFileReference; lastKnownFileType = wrapper.framework; name = Reachability.framework; path = Carthage/Build/iOS/Reachability.framework; sourceTree = "<group>"; };
		95E012792011C29500F109DA /* Reachability-Alamofire-Test.app */ = {isa = PBXFileReference; explicitFileType = wrapper.application; includeInIndex = 0; path = "Reachability-Alamofire-Test.app"; sourceTree = BUILT_PRODUCTS_DIR; };
		95E0127C2011C29500F109DA /* AppDelegate.swift */ = {isa = PBXFileReference; lastKnownFileType = sourcecode.swift; path = AppDelegate.swift; sourceTree = "<group>"; };
		95E0127E2011C29500F109DA /* ViewController.swift */ = {isa = PBXFileReference; lastKnownFileType = sourcecode.swift; path = ViewController.swift; sourceTree = "<group>"; };
		95E012812011C29500F109DA /* Base */ = {isa = PBXFileReference; lastKnownFileType = file.storyboard; name = Base; path = Base.lproj/Main.storyboard; sourceTree = "<group>"; };
		95E012832011C29500F109DA /* Assets.xcassets */ = {isa = PBXFileReference; lastKnownFileType = folder.assetcatalog; path = Assets.xcassets; sourceTree = "<group>"; };
		95E012862011C29500F109DA /* Base */ = {isa = PBXFileReference; lastKnownFileType = file.storyboard; name = Base; path = Base.lproj/LaunchScreen.storyboard; sourceTree = "<group>"; };
		95E012882011C29500F109DA /* Info.plist */ = {isa = PBXFileReference; lastKnownFileType = text.plist.xml; path = Info.plist; sourceTree = "<group>"; };
/* End PBXFileReference section */

/* Begin PBXFrameworksBuildPhase section */
		95E012762011C29500F109DA /* Frameworks */ = {
			isa = PBXFrameworksBuildPhase;
			buildActionMask = 2147483647;
			files = (
				957144442011C39000911997 /* Alamofire.framework in Frameworks */,
				957144492011C4E900911997 /* Reachability.framework in Frameworks */,
			);
			runOnlyForDeploymentPostprocessing = 0;
		};
/* End PBXFrameworksBuildPhase section */

/* Begin PBXGroup section */
		957144412011C38F00911997 /* Frameworks */ = {
			isa = PBXGroup;
			children = (
				957144422011C39000911997 /* Alamofire.framework */,
				957144432011C39000911997 /* Reachability.framework */,
			);
			name = Frameworks;
			sourceTree = "<group>";
		};
		95E012702011C29500F109DA = {
			isa = PBXGroup;
			children = (
				95E0127B2011C29500F109DA /* Reachability-Alamofire-Test */,
				95E0127A2011C29500F109DA /* Products */,
				957144412011C38F00911997 /* Frameworks */,
			);
			sourceTree = "<group>";
		};
		95E0127A2011C29500F109DA /* Products */ = {
			isa = PBXGroup;
			children = (
				95E012792011C29500F109DA /* Reachability-Alamofire-Test.app */,
			);
			name = Products;
			sourceTree = "<group>";
		};
		95E0127B2011C29500F109DA /* Reachability-Alamofire-Test */ = {
			isa = PBXGroup;
			children = (
				95E0127C2011C29500F109DA /* AppDelegate.swift */,
				95E0127E2011C29500F109DA /* ViewController.swift */,
				95E012802011C29500F109DA /* Main.storyboard */,
				95E012832011C29500F109DA /* Assets.xcassets */,
				95E012852011C29500F109DA /* LaunchScreen.storyboard */,
				95E012882011C29500F109DA /* Info.plist */,
			);
			path = "Reachability-Alamofire-Test";
			sourceTree = "<group>";
		};
/* End PBXGroup section */

/* Begin PBXNativeTarget section */
		95E012782011C29500F109DA /* Reachability-Alamofire-Test */ = {
			isa = PBXNativeTarget;
			buildConfigurationList = 95E0128B2011C29500F109DA /* Build configuration list for PBXNativeTarget "Reachability-Alamofire-Test" */;
			buildPhases = (
				95E012752011C29500F109DA /* Sources */,
				95E012762011C29500F109DA /* Frameworks */,
				95E012772011C29500F109DA /* Resources */,
				957144462011C3B400911997 /* ShellScript */,
				9571444B2011C4E900911997 /* Embed Frameworks */,
			);
			buildRules = (
			);
			dependencies = (
			);
			name = "Reachability-Alamofire-Test";
			productName = "Reachability-Alamofire-Test";
			productReference = 95E012792011C29500F109DA /* Reachability-Alamofire-Test.app */;
			productType = "com.apple.product-type.application";
		};
/* End PBXNativeTarget section */

/* Begin PBXProject section */
		95E012712011C29500F109DA /* Project object */ = {
			isa = PBXProject;
			attributes = {
				LastSwiftUpdateCheck = 0920;
				LastUpgradeCheck = 0920;
				ORGANIZATIONNAME = "Prakhar Tripathi";
				TargetAttributes = {
					95E012782011C29500F109DA = {
						CreatedOnToolsVersion = 9.2;
						ProvisioningStyle = Automatic;
					};
				};
			};
			buildConfigurationList = 95E012742011C29500F109DA /* Build configuration list for PBXProject "Reachability-Alamofire-Test" */;
			compatibilityVersion = "Xcode 8.0";
			developmentRegion = en;
			hasScannedForEncodings = 0;
			knownRegions = (
				en,
				Base,
			);
			mainGroup = 95E012702011C29500F109DA;
			productRefGroup = 95E0127A2011C29500F109DA /* Products */;
			projectDirPath = "";
			projectRoot = "";
			targets = (
				95E012782011C29500F109DA /* Reachability-Alamofire-Test */,
			);
		};
/* End PBXProject section */

/* Begin PBXResourcesBuildPhase section */
		95E012772011C29500F109DA /* Resources */ = {
			isa = PBXResourcesBuildPhase;
			buildActionMask = 2147483647;
			files = (
				95E012872011C29500F109DA /* LaunchScreen.storyboard in Resources */,
				95E012842011C29500F109DA /* Assets.xcassets in Resources */,
				95E012822011C29500F109DA /* Main.storyboard in Resources */,
			);
			runOnlyForDeploymentPostprocessing = 0;
		};
/* End PBXResourcesBuildPhase section */

/* Begin PBXShellScriptBuildPhase section */
		957144462011C3B400911997 /* ShellScript */ = {
			isa = PBXShellScriptBuildPhase;
			buildActionMask = 8;
			files = (
			);
			inputPaths = (
				"$(SRCROOT)/Carthage/Build/iOS/Alamofire.framework",
				"$(SRCROOT)/Carthage/Build/iOS/ReachabilitySwiift.framework",
			);
			outputPaths = (
			);
			runOnlyForDeploymentPostprocessing = 1;
			shellPath = /bin/sh;
			shellScript = "/usr/local/bin/carthage copy-frameworks";
		};
/* End PBXShellScriptBuildPhase section */

/* Begin PBXSourcesBuildPhase section */
		95E012752011C29500F109DA /* Sources */ = {
			isa = PBXSourcesBuildPhase;
			buildActionMask = 2147483647;
			files = (
				95E0127F2011C29500F109DA /* ViewController.swift in Sources */,
				95E0127D2011C29500F109DA /* AppDelegate.swift in Sources */,
			);
			runOnlyForDeploymentPostprocessing = 0;
		};
/* End PBXSourcesBuildPhase section */

/* Begin PBXVariantGroup section */
		95E012802011C29500F109DA /* Main.storyboard */ = {
			isa = PBXVariantGroup;
			children = (
				95E012812011C29500F109DA /* Base */,
			);
			name = Main.storyboard;
			sourceTree = "<group>";
		};
		95E012852011C29500F109DA /* LaunchScreen.storyboard */ = {
			isa = PBXVariantGroup;
			children = (
				95E012862011C29500F109DA /* Base */,
			);
			name = LaunchScreen.storyboard;
			sourceTree = "<group>";
		};
/* End PBXVariantGroup section */

/* Begin XCBuildConfiguration section */
		95E012892011C29500F109DA /* Debug */ = {
			isa = XCBuildConfiguration;
			buildSettings = {
				ALWAYS_SEARCH_USER_PATHS = NO;
				CLANG_ANALYZER_NONNULL = YES;
				CLANG_ANALYZER_NUMBER_OBJECT_CONVERSION = YES_AGGRESSIVE;
				CLANG_CXX_LANGUAGE_STANDARD = "gnu++14";
				CLANG_CXX_LIBRARY = "libc++";
				CLANG_ENABLE_MODULES = YES;
				CLANG_ENABLE_OBJC_ARC = YES;
				CLANG_WARN_BLOCK_CAPTURE_AUTORELEASING = YES;
				CLANG_WARN_BOOL_CONVERSION = YES;
				CLANG_WARN_COMMA = YES;
				CLANG_WARN_CONSTANT_CONVERSION = YES;
				CLANG_WARN_DIRECT_OBJC_ISA_USAGE = YES_ERROR;
				CLANG_WARN_DOCUMENTATION_COMMENTS = YES;
				CLANG_WARN_EMPTY_BODY = YES;
				CLANG_WARN_ENUM_CONVERSION = YES;
				CLANG_WARN_INFINITE_RECURSION = YES;
				CLANG_WARN_INT_CONVERSION = YES;
				CLANG_WARN_NON_LITERAL_NULL_CONVERSION = YES;
				CLANG_WARN_OBJC_LITERAL_CONVERSION = YES;
				CLANG_WARN_OBJC_ROOT_CLASS = YES_ERROR;
				CLANG_WARN_RANGE_LOOP_ANALYSIS = YES;
				CLANG_WARN_STRICT_PROTOTYPES = YES;
				CLANG_WARN_SUSPICIOUS_MOVE = YES;
				CLANG_WARN_UNGUARDED_AVAILABILITY = YES_AGGRESSIVE;
				CLANG_WARN_UNREACHABLE_CODE = YES;
				CLANG_WARN__DUPLICATE_METHOD_MATCH = YES;
				CODE_SIGN_IDENTITY = "iPhone Developer";
				COPY_PHASE_STRIP = NO;
				DEBUG_INFORMATION_FORMAT = dwarf;
				ENABLE_STRICT_OBJC_MSGSEND = YES;
				ENABLE_TESTABILITY = YES;
				GCC_C_LANGUAGE_STANDARD = gnu11;
				GCC_DYNAMIC_NO_PIC = NO;
				GCC_NO_COMMON_BLOCKS = YES;
				GCC_OPTIMIZATION_LEVEL = 0;
				GCC_PREPROCESSOR_DEFINITIONS = (
					"DEBUG=1",
					"$(inherited)",
				);
				GCC_WARN_64_TO_32_BIT_CONVERSION = YES;
				GCC_WARN_ABOUT_RETURN_TYPE = YES_ERROR;
				GCC_WARN_UNDECLARED_SELECTOR = YES;
				GCC_WARN_UNINITIALIZED_AUTOS = YES_AGGRESSIVE;
				GCC_WARN_UNUSED_FUNCTION = YES;
				GCC_WARN_UNUSED_VARIABLE = YES;
				IPHONEOS_DEPLOYMENT_TARGET = 11.2;
				MTL_ENABLE_DEBUG_INFO = YES;
				ONLY_ACTIVE_ARCH = YES;
				SDKROOT = iphoneos;
				SWIFT_ACTIVE_COMPILATION_CONDITIONS = DEBUG;
				SWIFT_OPTIMIZATION_LEVEL = "-Onone";
			};
			name = Debug;
		};
		95E0128A2011C29500F109DA /* Release */ = {
			isa = XCBuildConfiguration;
			buildSettings = {
				ALWAYS_SEARCH_USER_PATHS = NO;
				CLANG_ANALYZER_NONNULL = YES;
				CLANG_ANALYZER_NUMBER_OBJECT_CONVERSION = YES_AGGRESSIVE;
				CLANG_CXX_LANGUAGE_STANDARD = "gnu++14";
				CLANG_CXX_LIBRARY = "libc++";
				CLANG_ENABLE_MODULES = YES;
				CLANG_ENABLE_OBJC_ARC = YES;
				CLANG_WARN_BLOCK_CAPTURE_AUTORELEASING = YES;
				CLANG_WARN_BOOL_CONVERSION = YES;
				CLANG_WARN_COMMA = YES;
				CLANG_WARN_CONSTANT_CONVERSION = YES;
				CLANG_WARN_DIRECT_OBJC_ISA_USAGE = YES_ERROR;
				CLANG_WARN_DOCUMENTATION_COMMENTS = YES;
				CLANG_WARN_EMPTY_BODY = YES;
				CLANG_WARN_ENUM_CONVERSION = YES;
				CLANG_WARN_INFINITE_RECURSION = YES;
				CLANG_WARN_INT_CONVERSION = YES;
				CLANG_WARN_NON_LITERAL_NULL_CONVERSION = YES;
				CLANG_WARN_OBJC_LITERAL_CONVERSION = YES;
				CLANG_WARN_OBJC_ROOT_CLASS = YES_ERROR;
				CLANG_WARN_RANGE_LOOP_ANALYSIS = YES;
				CLANG_WARN_STRICT_PROTOTYPES = YES;
				CLANG_WARN_SUSPICIOUS_MOVE = YES;
				CLANG_WARN_UNGUARDED_AVAILABILITY = YES_AGGRESSIVE;
				CLANG_WARN_UNREACHABLE_CODE = YES;
				CLANG_WARN__DUPLICATE_METHOD_MATCH = YES;
				CODE_SIGN_IDENTITY = "iPhone Developer";
				COPY_PHASE_STRIP = NO;
				DEBUG_INFORMATION_FORMAT = "dwarf-with-dsym";
				ENABLE_NS_ASSERTIONS = NO;
				ENABLE_STRICT_OBJC_MSGSEND = YES;
				GCC_C_LANGUAGE_STANDARD = gnu11;
				GCC_NO_COMMON_BLOCKS = YES;
				GCC_WARN_64_TO_32_BIT_CONVERSION = YES;
				GCC_WARN_ABOUT_RETURN_TYPE = YES_ERROR;
				GCC_WARN_UNDECLARED_SELECTOR = YES;
				GCC_WARN_UNINITIALIZED_AUTOS = YES_AGGRESSIVE;
				GCC_WARN_UNUSED_FUNCTION = YES;
				GCC_WARN_UNUSED_VARIABLE = YES;
				IPHONEOS_DEPLOYMENT_TARGET = 11.2;
				MTL_ENABLE_DEBUG_INFO = NO;
				SDKROOT = iphoneos;
				SWIFT_OPTIMIZATION_LEVEL = "-Owholemodule";
				VALIDATE_PRODUCT = YES;
			};
			name = Release;
		};
		95E0128C2011C29500F109DA /* Debug */ = {
			isa = XCBuildConfiguration;
			buildSettings = {
				ASSETCATALOG_COMPILER_APPICON_NAME = AppIcon;
				CODE_SIGN_STYLE = Automatic;
				FRAMEWORK_SEARCH_PATHS = (
					"$(inherited)",
					"$(PROJECT_DIR)/Carthage/Build/iOS",
				);
				INFOPLIST_FILE = "Reachability-Alamofire-Test/Info.plist";
				LD_RUNPATH_SEARCH_PATHS = "$(inherited) @executable_path/Frameworks";
				PRODUCT_BUNDLE_IDENTIFIER = "com.try.prakhar.Reachability-Alamofire-Test";
				PRODUCT_NAME = "$(TARGET_NAME)";
				SWIFT_VERSION = 4.0;
				TARGETED_DEVICE_FAMILY = "1,2";
			};
			name = Debug;
		};
		95E0128D2011C29500F109DA /* Release */ = {
			isa = XCBuildConfiguration;
			buildSettings = {
				ASSETCATALOG_COMPILER_APPICON_NAME = AppIcon;
				CODE_SIGN_STYLE = Automatic;
				FRAMEWORK_SEARCH_PATHS = (
					"$(inherited)",
					"$(PROJECT_DIR)/Carthage/Build/iOS",
				);
				INFOPLIST_FILE = "Reachability-Alamofire-Test/Info.plist";
				LD_RUNPATH_SEARCH_PATHS = "$(inherited) @executable_path/Frameworks";
				PRODUCT_BUNDLE_IDENTIFIER = "com.try.prakhar.Reachability-Alamofire-Test";
				PRODUCT_NAME = "$(TARGET_NAME)";
				SWIFT_VERSION = 4.0;
				TARGETED_DEVICE_FAMILY = "1,2";
			};
			name = Release;
		};
/* End XCBuildConfiguration section */

/* Begin XCConfigurationList section */
		95E012742011C29500F109DA /* Build configuration list for PBXProject "Reachability-Alamofire-Test" */ = {
			isa = XCConfigurationList;
			buildConfigurations = (
				95E012892011C29500F109DA /* Debug */,
				95E0128A2011C29500F109DA /* Release */,
			);
			defaultConfigurationIsVisible = 0;
			defaultConfigurationName = Release;
		};
		95E0128B2011C29500F109DA /* Build configuration list for PBXNativeTarget "Reachability-Alamofire-Test" */ = {
			isa = XCConfigurationList;
			buildConfigurations = (
				95E0128C2011C29500F109DA /* Debug */,
				95E0128D2011C29500F109DA /* Release */,
			);
			defaultConfigurationIsVisible = 0;
			defaultConfigurationName = Release;
		};
/* End XCConfigurationList section */
	};
	rootObject = 95E012712011C29500F109DA /* Project object */;
}
